
Microsoft Visual Studio Solution File, Format Version 12.00
# Visual Studio Version 17
VisualStudioVersion = 17.5.2.0
MinimumVisualStudioVersion = 10.0.40219.1
Project("{FAE04EC0-301F-11D3-BF4B-00C04F79EFBC}") = "VitalSyncAPI", "VitalSyncAPI.csproj", "{201D8431-0207-567C-A9C2-8C302027AE72}"
EndProject
Project("{FAE04EC0-301F-11D3-BF4B-00C04F79EFBC}") = "VitalSyncAPI.Tests", "..\VitalSyncAPI.Tests\VitalSyncAPI.Tests.csproj", "{7459A08A-370F-45F1-A552-6EA83FD81223}"
EndProject
Global
	GlobalSection(SolutionConfigurationPlatforms) = preSolution
		Debug|Any CPU = Debug|Any CPU
		Debug|x64 = Debug|x64
		Debug|x86 = Debug|x86
		Release|Any CPU = Release|Any CPU
		Release|x64 = Release|x64
		Release|x86 = Release|x86
	EndGlobalSection
	GlobalSection(ProjectConfigurationPlatforms) = postSolution
		{201D8431-0207-567C-A9C2-8C302027AE72}.Debug|Any CPU.ActiveCfg = Debug|Any CPU
		{201D8431-0207-567C-A9C2-8C302027AE72}.Debug|Any CPU.Build.0 = Debug|Any CPU
		{201D8431-0207-567C-A9C2-8C302027AE72}.Debug|x64.ActiveCfg = Debug|Any CPU
		{201D8431-0207-567C-A9C2-8C302027AE72}.Debug|x64.Build.0 = Debug|Any CPU
		{201D8431-0207-567C-A9C2-8C302027AE72}.Debug|x86.ActiveCfg = Debug|Any CPU
		{201D8431-0207-567C-A9C2-8C302027AE72}.Debug|x86.Build.0 = Debug|Any CPU
		{201D8431-0207-567C-A9C2-8C302027AE72}.Release|Any CPU.ActiveCfg = Release|Any CPU
		{201D8431-0207-567C-A9C2-8C302027AE72}.Release|Any CPU.Build.0 = Release|Any CPU
		{201D8431-0207-567C-A9C2-8C302027AE72}.Release|x64.ActiveCfg = Release|Any CPU
		{201D8431-0207-567C-A9C2-8C302027AE72}.Release|x64.Build.0 = Release|Any CPU
		{201D8431-0207-567C-A9C2-8C302027AE72}.Release|x86.ActiveCfg = Release|Any CPU
		{201D8431-0207-567C-A9C2-8C302027AE72}.Release|x86.Build.0 = Release|Any CPU
		{7459A08A-370F-45F1-A552-6EA83FD81223}.Debug|Any CPU.ActiveCfg = Debug|Any CPU
		{7459A08A-370F-45F1-A552-6EA83FD81223}.Debug|Any CPU.Build.0 = Debug|Any CPU
		{7459A08A-370F-45F1-A552-6EA83FD81223}.Debug|x64.ActiveCfg = Debug|Any CPU
		{7459A08A-370F-45F1-A552-6EA83FD81223}.Debug|x64.Build.0 = Debug|Any CPU
		{7459A08A-370F-45F1-A552-6EA83FD81223}.Debug|x86.ActiveCfg = Debug|Any CPU
		{7459A08A-370F-45F1-A552-6EA83FD81223}.Debug|x86.Build.0 = Debug|Any CPU
		{7459A08A-370F-45F1-A552-6EA83FD81223}.Release|Any CPU.ActiveCfg = Release|Any CPU
		{7459A08A-370F-45F1-A552-6EA83FD81223}.Release|Any CPU.Build.0 = Release|Any CPU
		{7459A08A-370F-45F1-A552-6EA83FD81223}.Release|x64.ActiveCfg = Release|Any CPU
		{7459A08A-370F-45F1-A552-6EA83FD81223}.Release|x64.Build.0 = Release|Any CPU
		{7459A08A-370F-45F1-A552-6EA83FD81223}.Release|x86.ActiveCfg = Release|Any CPU
		{7459A08A-370F-45F1-A552-6EA83FD81223}.Release|x86.Build.0 = Release|Any CPU
	EndGlobalSection
	GlobalSection(SolutionProperties) = preSolution
		HideSolutionNode = FALSE
	EndGlobalSection
	GlobalSection(ExtensibilityGlobals) = postSolution
		SolutionGuid = {A014880D-2027-4E7B-A7B6-540F5D5B151B}
	EndGlobalSection
EndGlobal
